// !$*UTF8*$!
{
	archiveVersion = 1;
	classes = {
	};
	objectVersion = 56;
	objects = {

/* Begin PBXBuildFile section */
		F2A8DDAD292A33670042529B /* DesignCodeiOS15App.swift in Sources */ = {isa = PBXBuildFile; fileRef = F2A8DDAC292A33670042529B /* DesignCodeiOS15App.swift */; };
		F2A8DDAF292A33670042529B /* ContentView.swift in Sources */ = {isa = PBXBuildFile; fileRef = F2A8DDAE292A33670042529B /* ContentView.swift */; };
		F2A8DDB1292A33680042529B /* Assets.xcassets in Resources */ = {isa = PBXBuildFile; fileRef = F2A8DDB0292A33680042529B /* Assets.xcassets */; };
		F2A8DDB4292A33680042529B /* Preview Assets.xcassets in Resources */ = {isa = PBXBuildFile; fileRef = F2A8DDB3292A33680042529B /* Preview Assets.xcassets */; };
		F2A8DDBE292A33680042529B /* DesignCodeiOS15Tests.swift in Sources */ = {isa = PBXBuildFile; fileRef = F2A8DDBD292A33680042529B /* DesignCodeiOS15Tests.swift */; };
		F2A8DDC8292A33680042529B /* DesignCodeiOS15UITests.swift in Sources */ = {isa = PBXBuildFile; fileRef = F2A8DDC7292A33680042529B /* DesignCodeiOS15UITests.swift */; };
		F2A8DDCA292A33680042529B /* DesignCodeiOS15UITestsLaunchTests.swift in Sources */ = {isa = PBXBuildFile; fileRef = F2A8DDC9292A33680042529B /* DesignCodeiOS15UITestsLaunchTests.swift */; };
/* End PBXBuildFile section */

/* Begin PBXContainerItemProxy section */
		F2A8DDBA292A33680042529B /* PBXContainerItemProxy */ = {
			isa = PBXContainerItemProxy;
			containerPortal = F2A8DDA1292A33670042529B /* Project object */;
			proxyType = 1;
			remoteGlobalIDString = F2A8DDA8292A33670042529B;
			remoteInfo = DesignCodeiOS15;
		};
		F2A8DDC4292A33680042529B /* PBXContainerItemProxy */ = {
			isa = PBXContainerItemProxy;
			containerPortal = F2A8DDA1292A33670042529B /* Project object */;
			proxyType = 1;
			remoteGlobalIDString = F2A8DDA8292A33670042529B;
			remoteInfo = DesignCodeiOS15;
		};
/* End PBXContainerItemProxy section */

/* Begin PBXFileReference section */
		F2A8DDA9292A33670042529B /* DesignCodeiOS15.app */ = {isa = PBXFileReference; explicitFileType = wrapper.application; includeInIndex = 0; path = DesignCodeiOS15.app; sourceTree = BUILT_PRODUCTS_DIR; };
		F2A8DDAC292A33670042529B /* DesignCodeiOS15App.swift */ = {isa = PBXFileReference; lastKnownFileType = sourcecode.swift; path = DesignCodeiOS15App.swift; sourceTree = "<group>"; };
		F2A8DDAE292A33670042529B /* ContentView.swift */ = {isa = PBXFileReference; lastKnownFileType = sourcecode.swift; path = ContentView.swift; sourceTree = "<group>"; };
		F2A8DDB0292A33680042529B /* Assets.xcassets */ = {isa = PBXFileReference; lastKnownFileType = folder.assetcatalog; path = Assets.xcassets; sourceTree = "<group>"; };
		F2A8DDB3292A33680042529B /* Preview Assets.xcassets */ = {isa = PBXFileReference; lastKnownFileType = folder.assetcatalog; path = "Preview Assets.xcassets"; sourceTree = "<group>"; };
		F2A8DDB9292A33680042529B /* DesignCodeiOS15Tests.xctest */ = {isa = PBXFileReference; explicitFileType = wrapper.cfbundle; includeInIndex = 0; path = DesignCodeiOS15Tests.xctest; sourceTree = BUILT_PRODUCTS_DIR; };
		F2A8DDBD292A33680042529B /* DesignCodeiOS15Tests.swift */ = {isa = PBXFileReference; lastKnownFileType = sourcecode.swift; path = DesignCodeiOS15Tests.swift; sourceTree = "<group>"; };
		F2A8DDC3292A33680042529B /* DesignCodeiOS15UITests.xctest */ = {isa = PBXFileReference; explicitFileType = wrapper.cfbundle; includeInIndex = 0; path = DesignCodeiOS15UITests.xctest; sourceTree = BUILT_PRODUCTS_DIR; };
		F2A8DDC7292A33680042529B /* DesignCodeiOS15UITests.swift */ = {isa = PBXFileReference; lastKnownFileType = sourcecode.swift; path = DesignCodeiOS15UITests.swift; sourceTree = "<group>"; };
		F2A8DDC9292A33680042529B /* DesignCodeiOS15UITestsLaunchTests.swift */ = {isa = PBXFileReference; lastKnownFileType = sourcecode.swift; path = DesignCodeiOS15UITestsLaunchTests.swift; sourceTree = "<group>"; };
/* End PBXFileReference section */

/* Begin PBXFrameworksBuildPhase section */
		F2A8DDA6292A33670042529B /* Frameworks */ = {
			isa = PBXFrameworksBuildPhase;
			buildActionMask = 2147483647;
			files = (
			);
			runOnlyForDeploymentPostprocessing = 0;
		};
		F2A8DDB6292A33680042529B /* Frameworks */ = {
			isa = PBXFrameworksBuildPhase;
			buildActionMask = 2147483647;
			files = (
			);
			runOnlyForDeploymentPostprocessing = 0;
		};
		F2A8DDC0292A33680042529B /* Frameworks */ = {
			isa = PBXFrameworksBuildPhase;
			buildActionMask = 2147483647;
			files = (
			);
			runOnlyForDeploymentPostprocessing = 0;
		};
/* End PBXFrameworksBuildPhase section */

/* Begin PBXGroup section */
		F2A8DDA0292A33670042529B = {
			isa = PBXGroup;
			children = (
				F2A8DDAB292A33670042529B /* DesignCodeiOS15 */,
				F2A8DDBC292A33680042529B /* DesignCodeiOS15Tests */,
				F2A8DDC6292A33680042529B /* DesignCodeiOS15UITests */,
				F2A8DDAA292A33670042529B /* Products */,
			);
			sourceTree = "<group>";
		};
		F2A8DDAA292A33670042529B /* Products */ = {
			isa = PBXGroup;
			children = (
				F2A8DDA9292A33670042529B /* DesignCodeiOS15.app */,
				F2A8DDB9292A33680042529B /* DesignCodeiOS15Tests.xctest */,
				F2A8DDC3292A33680042529B /* DesignCodeiOS15UITests.xctest */,
			);
			name = Products;
			sourceTree = "<group>";
		};
		F2A8DDAB292A33670042529B /* DesignCodeiOS15 */ = {
			isa = PBXGroup;
			children = (
				F2A8DDAC292A33670042529B /* DesignCodeiOS15App.swift */,
				F2A8DDAE292A33670042529B /* ContentView.swift */,
				F2A8DDB0292A33680042529B /* Assets.xcassets */,
				F2A8DDB2292A33680042529B /* Preview Content */,
			);
			path = DesignCodeiOS15;
			sourceTree = "<group>";
		};
		F2A8DDB2292A33680042529B /* Preview Content */ = {
			isa = PBXGroup;
			children = (
				F2A8DDB3292A33680042529B /* Preview Assets.xcassets */,
			);
			path = "Preview Content";
			sourceTree = "<group>";
		};
		F2A8DDBC292A33680042529B /* DesignCodeiOS15Tests */ = {
			isa = PBXGroup;
			children = (
				F2A8DDBD292A33680042529B /* DesignCodeiOS15Tests.swift */,
			);
			path = DesignCodeiOS15Tests;
			sourceTree = "<group>";
		};
		F2A8DDC6292A33680042529B /* DesignCodeiOS15UITests */ = {
			isa = PBXGroup;
			children = (
				F2A8DDC7292A33680042529B /* DesignCodeiOS15UITests.swift */,
				F2A8DDC9292A33680042529B /* DesignCodeiOS15UITestsLaunchTests.swift */,
			);
			path = DesignCodeiOS15UITests;
			sourceTree = "<group>";
		};
/* End PBXGroup section */

/* Begin PBXNativeTarget section */
		F2A8DDA8292A33670042529B /* DesignCodeiOS15 */ = {
			isa = PBXNativeTarget;
			buildConfigurationList = F2A8DDCD292A33680042529B /* Build configuration list for PBXNativeTarget "DesignCodeiOS15" */;
			buildPhases = (
				F2A8DDA5292A33670042529B /* Sources */,
				F2A8DDA6292A33670042529B /* Frameworks */,
				F2A8DDA7292A33670042529B /* Resources */,
			);
			buildRules = (
			);
			dependencies = (
			);
			name = DesignCodeiOS15;
			productName = DesignCodeiOS15;
			productReference = F2A8DDA9292A33670042529B /* DesignCodeiOS15.app */;
			productType = "com.apple.product-type.application";
		};
		F2A8DDB8292A33680042529B /* DesignCodeiOS15Tests */ = {
			isa = PBXNativeTarget;
			buildConfigurationList = F2A8DDD0292A33680042529B /* Build configuration list for PBXNativeTarget "DesignCodeiOS15Tests" */;
			buildPhases = (
				F2A8DDB5292A33680042529B /* Sources */,
				F2A8DDB6292A33680042529B /* Frameworks */,
				F2A8DDB7292A33680042529B /* Resources */,
			);
			buildRules = (
			);
			dependencies = (
				F2A8DDBB292A33680042529B /* PBXTargetDependency */,
			);
			name = DesignCodeiOS15Tests;
			productName = DesignCodeiOS15Tests;
			productReference = F2A8DDB9292A33680042529B /* DesignCodeiOS15Tests.xctest */;
			productType = "com.apple.product-type.bundle.unit-test";
		};
		F2A8DDC2292A33680042529B /* DesignCodeiOS15UITests */ = {
			isa = PBXNativeTarget;
			buildConfigurationList = F2A8DDD3292A33680042529B /* Build configuration list for PBXNativeTarget "DesignCodeiOS15UITests" */;
			buildPhases = (
				F2A8DDBF292A33680042529B /* Sources */,
				F2A8DDC0292A33680042529B /* Frameworks */,
				F2A8DDC1292A33680042529B /* Resources */,
			);
			buildRules = (
			);
			dependencies = (
				F2A8DDC5292A33680042529B /* PBXTargetDependency */,
			);
			name = DesignCodeiOS15UITests;
			productName = DesignCodeiOS15UITests;
			productReference = F2A8DDC3292A33680042529B /* DesignCodeiOS15UITests.xctest */;
			productType = "com.apple.product-type.bundle.ui-testing";
		};
/* End PBXNativeTarget section */

/* Begin PBXProject section */
		F2A8DDA1292A33670042529B /* Project object */ = {
			isa = PBXProject;
			attributes = {
				BuildIndependentTargetsInParallel = 1;
				LastSwiftUpdateCheck = 1410;
				LastUpgradeCheck = 1410;
				TargetAttributes = {
					F2A8DDA8292A33670042529B = {
						CreatedOnToolsVersion = 14.1;
					};
					F2A8DDB8292A33680042529B = {
						CreatedOnToolsVersion = 14.1;
						TestTargetID = F2A8DDA8292A33670042529B;
					};
					F2A8DDC2292A33680042529B = {
						CreatedOnToolsVersion = 14.1;
						TestTargetID = F2A8DDA8292A33670042529B;
					};
				};
			};
			buildConfigurationList = F2A8DDA4292A33670042529B /* Build configuration list for PBXProject "DesignCodeiOS15" */;
			compatibilityVersion = "Xcode 14.0";
			developmentRegion = en;
			hasScannedForEncodings = 0;
			knownRegions = (
				en,
				Base,
			);
			mainGroup = F2A8DDA0292A33670042529B;
			productRefGroup = F2A8DDAA292A33670042529B /* Products */;
			projectDirPath = "";
			projectRoot = "";
			targets = (
				F2A8DDA8292A33670042529B /* DesignCodeiOS15 */,
				F2A8DDB8292A33680042529B /* DesignCodeiOS15Tests */,
				F2A8DDC2292A33680042529B /* DesignCodeiOS15UITests */,
			);
		};
/* End PBXProject section */

/* Begin PBXResourcesBuildPhase section */
		F2A8DDA7292A33670042529B /* Resources */ = {
			isa = PBXResourcesBuildPhase;
			buildActionMask = 2147483647;
			files = (
				F2A8DDB4292A33680042529B /* Preview Assets.xcassets in Resources */,
				F2A8DDB1292A33680042529B /* Assets.xcassets in Resources */,
			);
			runOnlyForDeploymentPostprocessing = 0;
		};
		F2A8DDB7292A33680042529B /* Resources */ = {
			isa = PBXResourcesBuildPhase;
			buildActionMask = 2147483647;
			files = (
			);
			runOnlyForDeploymentPostprocessing = 0;
		};
		F2A8DDC1292A33680042529B /* Resources */ = {
			isa = PBXResourcesBuildPhase;
			buildActionMask = 2147483647;
			files = (
			);
			runOnlyForDeploymentPostprocessing = 0;
		};
/* End PBXResourcesBuildPhase section */

/* Begin PBXSourcesBuildPhase section */
		F2A8DDA5292A33670042529B /* Sources */ = {
			isa = PBXSourcesBuildPhase;
			buildActionMask = 2147483647;
			files = (
				F2A8DDAF292A33670042529B /* ContentView.swift in Sources */,
				F2A8DDAD292A33670042529B /* DesignCodeiOS15App.swift in Sources */,
			);
			runOnlyForDeploymentPostprocessing = 0;
		};
		F2A8DDB5292A33680042529B /* Sources */ = {
			isa = PBXSourcesBuildPhase;
			buildActionMask = 2147483647;
			files = (
				F2A8DDBE292A33680042529B /* DesignCodeiOS15Tests.swift in Sources */,
			);
			runOnlyForDeploymentPostprocessing = 0;
		};
		F2A8DDBF292A33680042529B /* Sources */ = {
			isa = PBXSourcesBuildPhase;
			buildActionMask = 2147483647;
			files = (
				F2A8DDC8292A33680042529B /* DesignCodeiOS15UITests.swift in Sources */,
				F2A8DDCA292A33680042529B /* DesignCodeiOS15UITestsLaunchTests.swift in Sources */,
			);
			runOnlyForDeploymentPostprocessing = 0;
		};
/* End PBXSourcesBuildPhase section */

/* Begin PBXTargetDependency section */
		F2A8DDBB292A33680042529B /* PBXTargetDependency */ = {
			isa = PBXTargetDependency;
			target = F2A8DDA8292A33670042529B /* DesignCodeiOS15 */;
			targetProxy = F2A8DDBA292A33680042529B /* PBXContainerItemProxy */;
		};
		F2A8DDC5292A33680042529B /* PBXTargetDependency */ = {
			isa = PBXTargetDependency;
			target = F2A8DDA8292A33670042529B /* DesignCodeiOS15 */;
			targetProxy = F2A8DDC4292A33680042529B /* PBXContainerItemProxy */;
		};
/* End PBXTargetDependency section */

/* Begin XCBuildConfiguration section */
		F2A8DDCB292A33680042529B /* Debug */ = {
			isa = XCBuildConfiguration;
			buildSettings = {
				ALWAYS_SEARCH_USER_PATHS = NO;
				CLANG_ANALYZER_NONNULL = YES;
				CLANG_ANALYZER_NUMBER_OBJECT_CONVERSION = YES_AGGRESSIVE;
				CLANG_CXX_LANGUAGE_STANDARD = "gnu++20";
				CLANG_ENABLE_MODULES = YES;
				CLANG_ENABLE_OBJC_ARC = YES;
				CLANG_ENABLE_OBJC_WEAK = YES;
				CLANG_WARN_BLOCK_CAPTURE_AUTORELEASING = YES;
				CLANG_WARN_BOOL_CONVERSION = YES;
				CLANG_WARN_COMMA = YES;
				CLANG_WARN_CONSTANT_CONVERSION = YES;
				CLANG_WARN_DEPRECATED_OBJC_IMPLEMENTATIONS = YES;
				CLANG_WARN_DIRECT_OBJC_ISA_USAGE = YES_ERROR;
				CLANG_WARN_DOCUMENTATION_COMMENTS = YES;
				CLANG_WARN_EMPTY_BODY = YES;
				CLANG_WARN_ENUM_CONVERSION = YES;
				CLANG_WARN_INFINITE_RECURSION = YES;
				CLANG_WARN_INT_CONVERSION = YES;
				CLANG_WARN_NON_LITERAL_NULL_CONVERSION = YES;
				CLANG_WARN_OBJC_IMPLICIT_RETAIN_SELF = YES;
				CLANG_WARN_OBJC_LITERAL_CONVERSION = YES;
				CLANG_WARN_OBJC_ROOT_CLASS = YES_ERROR;
				CLANG_WARN_QUOTED_INCLUDE_IN_FRAMEWORK_HEADER = YES;
				CLANG_WARN_RANGE_LOOP_ANALYSIS = YES;
				CLANG_WARN_STRICT_PROTOTYPES = YES;
				CLANG_WARN_SUSPICIOUS_MOVE = YES;
				CLANG_WARN_UNGUARDED_AVAILABILITY = YES_AGGRESSIVE;
				CLANG_WARN_UNREACHABLE_CODE = YES;
				CLANG_WARN__DUPLICATE_METHOD_MATCH = YES;
				COPY_PHASE_STRIP = NO;
				DEBUG_INFORMATION_FORMAT = dwarf;
				ENABLE_STRICT_OBJC_MSGSEND = YES;
				ENABLE_TESTABILITY = YES;
				GCC_C_LANGUAGE_STANDARD = gnu11;
				GCC_DYNAMIC_NO_PIC = NO;
				GCC_NO_COMMON_BLOCKS = YES;
				GCC_OPTIMIZATION_LEVEL = 0;
				GCC_PREPROCESSOR_DEFINITIONS = (
					"DEBUG=1",
					"$(inherited)",
				);
				GCC_WARN_64_TO_32_BIT_CONVERSION = YES;
				GCC_WARN_ABOUT_RETURN_TYPE = YES_ERROR;
				GCC_WARN_UNDECLARED_SELECTOR = YES;
				GCC_WARN_UNINITIALIZED_AUTOS = YES_AGGRESSIVE;
				GCC_WARN_UNUSED_FUNCTION = YES;
				GCC_WARN_UNUSED_VARIABLE = YES;
				IPHONEOS_DEPLOYMENT_TARGET = 16.1;
				MTL_ENABLE_DEBUG_INFO = INCLUDE_SOURCE;
				MTL_FAST_MATH = YES;
				ONLY_ACTIVE_ARCH = YES;
				SDKROOT = iphoneos;
				SWIFT_ACTIVE_COMPILATION_CONDITIONS = DEBUG;
				SWIFT_OPTIMIZATION_LEVEL = "-Onone";
			};
			name = Debug;
		};
		F2A8DDCC292A33680042529B /* Release */ = {
			isa = XCBuildConfiguration;
			buildSettings = {
				ALWAYS_SEARCH_USER_PATHS = NO;
				CLANG_ANALYZER_NONNULL = YES;
				CLANG_ANALYZER_NUMBER_OBJECT_CONVERSION = YES_AGGRESSIVE;
				CLANG_CXX_LANGUAGE_STANDARD = "gnu++20";
				CLANG_ENABLE_MODULES = YES;
				CLANG_ENABLE_OBJC_ARC = YES;
				CLANG_ENABLE_OBJC_WEAK = YES;
				CLANG_WARN_BLOCK_CAPTURE_AUTORELEASING = YES;
				CLANG_WARN_BOOL_CONVERSION = YES;
				CLANG_WARN_COMMA = YES;
				CLANG_WARN_CONSTANT_CONVERSION = YES;
				CLANG_WARN_DEPRECATED_OBJC_IMPLEMENTATIONS = YES;
				CLANG_WARN_DIRECT_OBJC_ISA_USAGE = YES_ERROR;
				CLANG_WARN_DOCUMENTATION_COMMENTS = YES;
				CLANG_WARN_EMPTY_BODY = YES;
				CLANG_WARN_ENUM_CONVERSION = YES;
				CLANG_WARN_INFINITE_RECURSION = YES;
				CLANG_WARN_INT_CONVERSION = YES;
				CLANG_WARN_NON_LITERAL_NULL_CONVERSION = YES;
				CLANG_WARN_OBJC_IMPLICIT_RETAIN_SELF = YES;
				CLANG_WARN_OBJC_LITERAL_CONVERSION = YES;
				CLANG_WARN_OBJC_ROOT_CLASS = YES_ERROR;
				CLANG_WARN_QUOTED_INCLUDE_IN_FRAMEWORK_HEADER = YES;
				CLANG_WARN_RANGE_LOOP_ANALYSIS = YES;
				CLANG_WARN_STRICT_PROTOTYPES = YES;
				CLANG_WARN_SUSPICIOUS_MOVE = YES;
				CLANG_WARN_UNGUARDED_AVAILABILITY = YES_AGGRESSIVE;
				CLANG_WARN_UNREACHABLE_CODE = YES;
				CLANG_WARN__DUPLICATE_METHOD_MATCH = YES;
				COPY_PHASE_STRIP = NO;
				DEBUG_INFORMATION_FORMAT = "dwarf-with-dsym";
				ENABLE_NS_ASSERTIONS = NO;
				ENABLE_STRICT_OBJC_MSGSEND = YES;
				GCC_C_LANGUAGE_STANDARD = gnu11;
				GCC_NO_COMMON_BLOCKS = YES;
				GCC_WARN_64_TO_32_BIT_CONVERSION = YES;
				GCC_WARN_ABOUT_RETURN_TYPE = YES_ERROR;
				GCC_WARN_UNDECLARED_SELECTOR = YES;
				GCC_WARN_UNINITIALIZED_AUTOS = YES_AGGRESSIVE;
				GCC_WARN_UNUSED_FUNCTION = YES;
				GCC_WARN_UNUSED_VARIABLE = YES;
				IPHONEOS_DEPLOYMENT_TARGET = 16.1;
				MTL_ENABLE_DEBUG_INFO = NO;
				MTL_FAST_MATH = YES;
				SDKROOT = iphoneos;
				SWIFT_COMPILATION_MODE = wholemodule;
				SWIFT_OPTIMIZATION_LEVEL = "-O";
				VALIDATE_PRODUCT = YES;
			};
			name = Release;
		};
		F2A8DDCE292A33680042529B /* Debug */ = {
			isa = XCBuildConfiguration;
			buildSettings = {
				ASSETCATALOG_COMPILER_APPICON_NAME = AppIcon;
				ASSETCATALOG_COMPILER_GLOBAL_ACCENT_COLOR_NAME = AccentColor;
				CODE_SIGN_STYLE = Automatic;
				CURRENT_PROJECT_VERSION = 1;
				DEVELOPMENT_ASSET_PATHS = "\"DesignCodeiOS15/Preview Content\"";
				ENABLE_PREVIEWS = YES;
				GENERATE_INFOPLIST_FILE = YES;
				INFOPLIST_KEY_CFBundleDisplayName = DesignCode;
				INFOPLIST_KEY_UIApplicationSceneManifest_Generation = YES;
				INFOPLIST_KEY_UIApplicationSupportsIndirectInputEvents = YES;
				INFOPLIST_KEY_UILaunchScreen_Generation = YES;
				INFOPLIST_KEY_UISupportedInterfaceOrientations_iPad = "UIInterfaceOrientationPortrait UIInterfaceOrientationPortraitUpsideDown UIInterfaceOrientationLandscapeLeft UIInterfaceOrientationLandscapeRight";
				INFOPLIST_KEY_UISupportedInterfaceOrientations_iPhone = "UIInterfaceOrientationPortrait UIInterfaceOrientationLandscapeLeft UIInterfaceOrientationLandscapeRight";
				IPHONEOS_DEPLOYMENT_TARGET = 15.0;
				LD_RUNPATH_SEARCH_PATHS = (
					"$(inherited)",
					"@executable_path/Frameworks",
				);
				MARKETING_VERSION = 1.0;
				PRODUCT_BUNDLE_IDENTIFIER = com.okiirawan.DesignCodeiOS15;
				PRODUCT_NAME = "$(TARGET_NAME)";
				SWIFT_EMIT_LOC_STRINGS = YES;
				SWIFT_VERSION = 5.0;
				TARGETED_DEVICE_FAMILY = "1,2";
			};
			name = Debug;
		};
		F2A8DDCF292A33680042529B /* Release */ = {
			isa = XCBuildConfiguration;
			buildSettings = {
				ASSETCATALOG_COMPILER_APPICON_NAME = AppIcon;
				ASSETCATALOG_COMPILER_GLOBAL_ACCENT_COLOR_NAME = AccentColor;
				CODE_SIGN_STYLE = Automatic;
				CURRENT_PROJECT_VERSION = 1;
				DEVELOPMENT_ASSET_PATHS = "\"DesignCodeiOS15/Preview Content\"";
				ENABLE_PREVIEWS = YES;
				GENERATE_INFOPLIST_FILE = YES;
				INFOPLIST_KEY_CFBundleDisplayName = DesignCode;
				INFOPLIST_KEY_UIApplicationSceneManifest_Generation = YES;
				INFOPLIST_KEY_UIApplicationSupportsIndirectInputEvents = YES;
				INFOPLIST_KEY_UILaunchScreen_Generation = YES;
				INFOPLIST_KEY_UISupportedInterfaceOrientations_iPad = "UIInterfaceOrientationPortrait UIInterfaceOrientationPortraitUpsideDown UIInterfaceOrientationLandscapeLeft UIInterfaceOrientationLandscapeRight";
				INFOPLIST_KEY_UISupportedInterfaceOrientations_iPhone = "UIInterfaceOrientationPortrait UIInterfaceOrientationLandscapeLeft UIInterfaceOrientationLandscapeRight";
				IPHONEOS_DEPLOYMENT_TARGET = 15.0;
				LD_RUNPATH_SEARCH_PATHS = (
					"$(inherited)",
					"@executable_path/Frameworks",
				);
				MARKETING_VERSION = 1.0;
				PRODUCT_BUNDLE_IDENTIFIER = com.okiirawan.DesignCodeiOS15;
				PRODUCT_NAME = "$(TARGET_NAME)";
				SWIFT_EMIT_LOC_STRINGS = YES;
				SWIFT_VERSION = 5.0;
				TARGETED_DEVICE_FAMILY = "1,2";
			};
			name = Release;
		};
		F2A8DDD1292A33680042529B /* Debug */ = {
			isa = XCBuildConfiguration;
			buildSettings = {
				ALWAYS_EMBED_SWIFT_STANDARD_LIBRARIES = YES;
				BUNDLE_LOADER = "$(TEST_HOST)";
				CODE_SIGN_STYLE = Automatic;
				CURRENT_PROJECT_VERSION = 1;
				GENERATE_INFOPLIST_FILE = YES;
				IPHONEOS_DEPLOYMENT_TARGET = 16.1;
				MARKETING_VERSION = 1.0;
				PRODUCT_BUNDLE_IDENTIFIER = com.okiirawan.DesignCodeiOS15Tests;
				PRODUCT_NAME = "$(TARGET_NAME)";
				SWIFT_EMIT_LOC_STRINGS = NO;
				SWIFT_VERSION = 5.0;
				TARGETED_DEVICE_FAMILY = "1,2";
				TEST_HOST = "$(BUILT_PRODUCTS_DIR)/DesignCodeiOS15.app/$(BUNDLE_EXECUTABLE_FOLDER_PATH)/DesignCodeiOS15";
			};
			name = Debug;
		};
		F2A8DDD2292A33680042529B /* Release */ = {
			isa = XCBuildConfiguration;
			buildSettings = {
				ALWAYS_EMBED_SWIFT_STANDARD_LIBRARIES = YES;
				BUNDLE_LOADER = "$(TEST_HOST)";
				CODE_SIGN_STYLE = Automatic;
				CURRENT_PROJECT_VERSION = 1;
				GENERATE_INFOPLIST_FILE = YES;
				IPHONEOS_DEPLOYMENT_TARGET = 16.1;
				MARKETING_VERSION = 1.0;
				PRODUCT_BUNDLE_IDENTIFIER = com.okiirawan.DesignCodeiOS15Tests;
				PRODUCT_NAME = "$(TARGET_NAME)";
				SWIFT_EMIT_LOC_STRINGS = NO;
				SWIFT_VERSION = 5.0;
				TARGETED_DEVICE_FAMILY = "1,2";
				TEST_HOST = "$(BUILT_PRODUCTS_DIR)/DesignCodeiOS15.app/$(BUNDLE_EXECUTABLE_FOLDER_PATH)/DesignCodeiOS15";
			};
			name = Release;
		};
		F2A8DDD4292A33680042529B /* Debug */ = {
			isa = XCBuildConfiguration;
			buildSettings = {
				ALWAYS_EMBED_SWIFT_STANDARD_LIBRARIES = YES;
				CODE_SIGN_STYLE = Automatic;
				CURRENT_PROJECT_VERSION = 1;
				GENERATE_INFOPLIST_FILE = YES;
				MARKETING_VERSION = 1.0;
				PRODUCT_BUNDLE_IDENTIFIER = com.okiirawan.DesignCodeiOS15UITests;
				PRODUCT_NAME = "$(TARGET_NAME)";
				SWIFT_EMIT_LOC_STRINGS = NO;
				SWIFT_VERSION = 5.0;
				TARGETED_DEVICE_FAMILY = "1,2";
				TEST_TARGET_NAME = DesignCodeiOS15;
			};
			name = Debug;
		};
		F2A8DDD5292A33680042529B /* Release */ = {
			isa = XCBuildConfiguration;
			buildSettings = {
				ALWAYS_EMBED_SWIFT_STANDARD_LIBRARIES = YES;
				CODE_SIGN_STYLE = Automatic;
				CURRENT_PROJECT_VERSION = 1;
				GENERATE_INFOPLIST_FILE = YES;
				MARKETING_VERSION = 1.0;
				PRODUCT_BUNDLE_IDENTIFIER = com.okiirawan.DesignCodeiOS15UITests;
				PRODUCT_NAME = "$(TARGET_NAME)";
				SWIFT_EMIT_LOC_STRINGS = NO;
				SWIFT_VERSION = 5.0;
				TARGETED_DEVICE_FAMILY = "1,2";
				TEST_TARGET_NAME = DesignCodeiOS15;
			};
			name = Release;
		};
/* End XCBuildConfiguration section */

/* Begin XCConfigurationList section */
		F2A8DDA4292A33670042529B /* Build configuration list for PBXProject "DesignCodeiOS15" */ = {
			isa = XCConfigurationList;
			buildConfigurations = (
				F2A8DDCB292A33680042529B /* Debug */,
				F2A8DDCC292A33680042529B /* Release */,
			);
			defaultConfigurationIsVisible = 0;
			defaultConfigurationName = Release;
		};
		F2A8DDCD292A33680042529B /* Build configuration list for PBXNativeTarget "DesignCodeiOS15" */ = {
			isa = XCConfigurationList;
			buildConfigurations = (
				F2A8DDCE292A33680042529B /* Debug */,
				F2A8DDCF292A33680042529B /* Release */,
			);
			defaultConfigurationIsVisible = 0;
			defaultConfigurationName = Release;
		};
		F2A8DDD0292A33680042529B /* Build configuration list for PBXNativeTarget "DesignCodeiOS15Tests" */ = {
			isa = XCConfigurationList;
			buildConfigurations = (
				F2A8DDD1292A33680042529B /* Debug */,
				F2A8DDD2292A33680042529B /* Release */,
			);
			defaultConfigurationIsVisible = 0;
			defaultConfigurationName = Release;
		};
		F2A8DDD3292A33680042529B /* Build configuration list for PBXNativeTarget "DesignCodeiOS15UITests" */ = {
			isa = XCConfigurationList;
			buildConfigurations = (
				F2A8DDD4292A33680042529B /* Debug */,
				F2A8DDD5292A33680042529B /* Release */,
			);
			defaultConfigurationIsVisible = 0;
			defaultConfigurationName = Release;
		};
/* End XCConfigurationList section */
	};
	rootObject = F2A8DDA1292A33670042529B /* Project object */;
}
